// !$*UTF8*$!
{
	archiveVersion = 1;
	classes = {
	};
	objectVersion = 48;
	objects = {

/* Begin PBXBuildFile section */
		8D11CB2E202CC5B60084AC10 /* main.cpp in Sources */ = {isa = PBXBuildFile; fileRef = 8D11CB2D202CC5B60084AC10 /* main.cpp */; };
		8DD044C3202CD8A8005A7E19 /* ReverseNumbers.cpp in Sources */ = {isa = PBXBuildFile; fileRef = 8DD044C1202CD8A8005A7E19 /* ReverseNumbers.cpp */; };
		8DD044C6202CF149005A7E19 /* Descending.cpp in Sources */ = {isa = PBXBuildFile; fileRef = 8DD044C4202CF149005A7E19 /* Descending.cpp */; };
/* End PBXBuildFile section */

/* Begin PBXCopyFilesBuildPhase section */
		8D11CB28202CC5B60084AC10 /* CopyFiles */ = {
			isa = PBXCopyFilesBuildPhase;
			buildActionMask = 2147483647;
			dstPath = /usr/share/man/man1/;
			dstSubfolderSpec = 0;
			files = (
			);
			runOnlyForDeploymentPostprocessing = 1;
		};
/* End PBXCopyFilesBuildPhase section */

/* Begin PBXFileReference section */
		8D11CB2A202CC5B60084AC10 /* Shayne_Gill_Homework_3 */ = {isa = PBXFileReference; explicitFileType = "compiled.mach-o.executable"; includeInIndex = 0; path = Shayne_Gill_Homework_3; sourceTree = BUILT_PRODUCTS_DIR; };
		8D11CB2D202CC5B60084AC10 /* main.cpp */ = {isa = PBXFileReference; lastKnownFileType = sourcecode.cpp.cpp; path = main.cpp; sourceTree = "<group>"; };
		8DD044C1202CD8A8005A7E19 /* ReverseNumbers.cpp */ = {isa = PBXFileReference; lastKnownFileType = sourcecode.cpp.cpp; path = ReverseNumbers.cpp; sourceTree = "<group>"; };
		8DD044C2202CD8A8005A7E19 /* ReverseNumbers.hpp */ = {isa = PBXFileReference; lastKnownFileType = sourcecode.cpp.h; path = ReverseNumbers.hpp; sourceTree = "<group>"; };
		8DD044C4202CF149005A7E19 /* Descending.cpp */ = {isa = PBXFileReference; lastKnownFileType = sourcecode.cpp.cpp; path = Descending.cpp; sourceTree = "<group>"; };
		8DD044C5202CF149005A7E19 /* Descending.hpp */ = {isa = PBXFileReference; lastKnownFileType = sourcecode.cpp.h; path = Descending.hpp; sourceTree = "<group>"; };
/* End PBXFileReference section */

/* Begin PBXFrameworksBuildPhase section */
		8D11CB27202CC5B60084AC10 /* Frameworks */ = {
			isa = PBXFrameworksBuildPhase;
			buildActionMask = 2147483647;
			files = (
			);
			runOnlyForDeploymentPostprocessing = 0;
		};
/* End PBXFrameworksBuildPhase section */

/* Begin PBXGroup section */
		8D11CB21202CC5B60084AC10 = {
			isa = PBXGroup;
			children = (
				8D11CB2C202CC5B60084AC10 /* Shayne_Gill_Homework_3 */,
				8D11CB2B202CC5B60084AC10 /* Products */,
			);
			sourceTree = "<group>";
		};
		8D11CB2B202CC5B60084AC10 /* Products */ = {
			isa = PBXGroup;
			children = (
				8D11CB2A202CC5B60084AC10 /* Shayne_Gill_Homework_3 */,
			);
			name = Products;
			sourceTree = "<group>";
		};
		8D11CB2C202CC5B60084AC10 /* Shayne_Gill_Homework_3 */ = {
			isa = PBXGroup;
			children = (
				8D11CB2D202CC5B60084AC10 /* main.cpp */,
				8DD044C4202CF149005A7E19 /* Descending.cpp */,
				8DD044C5202CF149005A7E19 /* Descending.hpp */,
				8DD044C1202CD8A8005A7E19 /* ReverseNumbers.cpp */,
				8DD044C2202CD8A8005A7E19 /* ReverseNumbers.hpp */,
			);
			path = Shayne_Gill_Homework_3;
			sourceTree = "<group>";
		};
/* End PBXGroup section */

/* Begin PBXNativeTarget section */
		8D11CB29202CC5B60084AC10 /* Shayne_Gill_Homework_3 */ = {
			isa = PBXNativeTarget;
			buildConfigurationList = 8D11CB31202CC5B60084AC10 /* Build configuration list for PBXNativeTarget "Shayne_Gill_Homework_3" */;
			buildPhases = (
				8D11CB26202CC5B60084AC10 /* Sources */,
				8D11CB27202CC5B60084AC10 /* Frameworks */,
				8D11CB28202CC5B60084AC10 /* CopyFiles */,
			);
			buildRules = (
			);
			dependencies = (
			);
			name = Shayne_Gill_Homework_3;
			productName = Shayne_Gill_Homework_3;
			productReference = 8D11CB2A202CC5B60084AC10 /* Shayne_Gill_Homework_3 */;
			productType = "com.apple.product-type.tool";
		};
/* End PBXNativeTarget section */

/* Begin PBXProject section */
		8D11CB22202CC5B60084AC10 /* Project object */ = {
			isa = PBXProject;
			attributes = {
				LastUpgradeCheck = 0920;
				ORGANIZATIONNAME = "Shayne Gill";
				TargetAttributes = {
					8D11CB29202CC5B60084AC10 = {
						CreatedOnToolsVersion = 9.2;
						ProvisioningStyle = Automatic;
					};
				};
			};
			buildConfigurationList = 8D11CB25202CC5B60084AC10 /* Build configuration list for PBXProject "Shayne_Gill_Homework_3" */;
			compatibilityVersion = "Xcode 8.0";
			developmentRegion = en;
			hasScannedForEncodings = 0;
			knownRegions = (
				en,
			);
			mainGroup = 8D11CB21202CC5B60084AC10;
			productRefGroup = 8D11CB2B202CC5B60084AC10 /* Products */;
			projectDirPath = "";
			projectRoot = "";
			targets = (
				8D11CB29202CC5B60084AC10 /* Shayne_Gill_Homework_3 */,
			);
		};
/* End PBXProject section */

/* Begin PBXSourcesBuildPhase section */
		8D11CB26202CC5B60084AC10 /* Sources */ = {
			isa = PBXSourcesBuildPhase;
			buildActionMask = 2147483647;
			files = (
				8DD044C6202CF149005A7E19 /* Descending.cpp in Sources */,
				8D11CB2E202CC5B60084AC10 /* main.cpp in Sources */,
				8DD044C3202CD8A8005A7E19 /* ReverseNumbers.cpp in Sources */,
			);
			runOnlyForDeploymentPostprocessing = 0;
		};
/* End PBXSourcesBuildPhase section */

/* Begin XCBuildConfiguration section */
		8D11CB2F202CC5B60084AC10 /* Debug */ = {
			isa = XCBuildConfiguration;
			buildSettings = {
				ALWAYS_SEARCH_USER_PATHS = NO;
				CLANG_ANALYZER_NONNULL = YES;
				CLANG_ANALYZER_NUMBER_OBJECT_CONVERSION = YES_AGGRESSIVE;
				CLANG_CXX_LANGUAGE_STANDARD = "gnu++14";
				CLANG_CXX_LIBRARY = "libc++";
				CLANG_ENABLE_MODULES = YES;
				CLANG_ENABLE_OBJC_ARC = YES;
				CLANG_WARN_BLOCK_CAPTURE_AUTORELEASING = YES;
				CLANG_WARN_BOOL_CONVERSION = YES;
				CLANG_WARN_COMMA = YES;
				CLANG_WARN_CONSTANT_CONVERSION = YES;
				CLANG_WARN_DIRECT_OBJC_ISA_USAGE = YES_ERROR;
				CLANG_WARN_DOCUMENTATION_COMMENTS = YES;
				CLANG_WARN_EMPTY_BODY = YES;
				CLANG_WARN_ENUM_CONVERSION = YES;
				CLANG_WARN_INFINITE_RECURSION = YES;
				CLANG_WARN_INT_CONVERSION = YES;
				CLANG_WARN_NON_LITERAL_NULL_CONVERSION = YES;
				CLANG_WARN_OBJC_LITERAL_CONVERSION = YES;
				CLANG_WARN_OBJC_ROOT_CLASS = YES_ERROR;
				CLANG_WARN_RANGE_LOOP_ANALYSIS = YES;
				CLANG_WARN_STRICT_PROTOTYPES = YES;
				CLANG_WARN_SUSPICIOUS_MOVE = YES;
				CLANG_WARN_UNGUARDED_AVAILABILITY = YES_AGGRESSIVE;
				CLANG_WARN_UNREACHABLE_CODE = YES;
				CLANG_WARN__DUPLICATE_METHOD_MATCH = YES;
				CODE_SIGN_IDENTITY = "Mac Developer";
				COPY_PHASE_STRIP = NO;
				DEBUG_INFORMATION_FORMAT = dwarf;
				ENABLE_STRICT_OBJC_MSGSEND = YES;
				ENABLE_TESTABILITY = YES;
				GCC_C_LANGUAGE_STANDARD = gnu11;
				GCC_DYNAMIC_NO_PIC = NO;
				GCC_NO_COMMON_BLOCKS = YES;
				GCC_OPTIMIZATION_LEVEL = 0;
				GCC_PREPROCESSOR_DEFINITIONS = (
					"DEBUG=1",
					"$(inherited)",
				);
				GCC_WARN_64_TO_32_BIT_CONVERSION = YES;
				GCC_WARN_ABOUT_RETURN_TYPE = YES_ERROR;
				GCC_WARN_UNDECLARED_SELECTOR = YES;
				GCC_WARN_UNINITIALIZED_AUTOS = YES_AGGRESSIVE;
				GCC_WARN_UNUSED_FUNCTION = YES;
				GCC_WARN_UNUSED_VARIABLE = YES;
				MACOSX_DEPLOYMENT_TARGET = 10.13;
				MTL_ENABLE_DEBUG_INFO = YES;
				ONLY_ACTIVE_ARCH = YES;
				SDKROOT = macosx;
			};
			name = Debug;
		};
		8D11CB30202CC5B60084AC10 /* Release */ = {
			isa = XCBuildConfiguration;
			buildSettings = {
				ALWAYS_SEARCH_USER_PATHS = NO;
				CLANG_ANALYZER_NONNULL = YES;
				CLANG_ANALYZER_NUMBER_OBJECT_CONVERSION = YES_AGGRESSIVE;
				CLANG_CXX_LANGUAGE_STANDARD = "gnu++14";
				CLANG_CXX_LIBRARY = "libc++";
				CLANG_ENABLE_MODULES = YES;
				CLANG_ENABLE_OBJC_ARC = YES;
				CLANG_WARN_BLOCK_CAPTURE_AUTORELEASING = YES;
				CLANG_WARN_BOOL_CONVERSION = YES;
				CLANG_WARN_COMMA = YES;
				CLANG_WARN_CONSTANT_CONVERSION = YES;
				CLANG_WARN_DIRECT_OBJC_ISA_USAGE = YES_ERROR;
				CLANG_WARN_DOCUMENTATION_COMMENTS = YES;
				CLANG_WARN_EMPTY_BODY = YES;
				CLANG_WARN_ENUM_CONVERSION = YES;
				CLANG_WARN_INFINITE_RECURSION = YES;
				CLANG_WARN_INT_CONVERSION = YES;
				CLANG_WARN_NON_LITERAL_NULL_CONVERSION = YES;
				CLANG_WARN_OBJC_LITERAL_CONVERSION = YES;
				CLANG_WARN_OBJC_ROOT_CLASS = YES_ERROR;
				CLANG_WARN_RANGE_LOOP_ANALYSIS = YES;
				CLANG_WARN_STRICT_PROTOTYPES = YES;
				CLANG_WARN_SUSPICIOUS_MOVE = YES;
				CLANG_WARN_UNGUARDED_AVAILABILITY = YES_AGGRESSIVE;
				CLANG_WARN_UNREACHABLE_CODE = YES;
				CLANG_WARN__DUPLICATE_METHOD_MATCH = YES;
				CODE_SIGN_IDENTITY = "Mac Developer";
				COPY_PHASE_STRIP = NO;
				DEBUG_INFORMATION_FORMAT = "dwarf-with-dsym";
				ENABLE_NS_ASSERTIONS = NO;
				ENABLE_STRICT_OBJC_MSGSEND = YES;
				GCC_C_LANGUAGE_STANDARD = gnu11;
				GCC_NO_COMMON_BLOCKS = YES;
				GCC_WARN_64_TO_32_BIT_CONVERSION = YES;
				GCC_WARN_ABOUT_RETURN_TYPE = YES_ERROR;
				GCC_WARN_UNDECLARED_SELECTOR = YES;
				GCC_WARN_UNINITIALIZED_AUTOS = YES_AGGRESSIVE;
				GCC_WARN_UNUSED_FUNCTION = YES;
				GCC_WARN_UNUSED_VARIABLE = YES;
				MACOSX_DEPLOYMENT_TARGET = 10.13;
				MTL_ENABLE_DEBUG_INFO = NO;
				SDKROOT = macosx;
			};
			name = Release;
		};
		8D11CB32202CC5B60084AC10 /* Debug */ = {
			isa = XCBuildConfiguration;
			buildSettings = {
				CODE_SIGN_STYLE = Automatic;
				DEVELOPMENT_TEAM = 5EJ624S7SU;
				PRODUCT_NAME = "$(TARGET_NAME)";
			};
			name = Debug;
		};
		8D11CB33202CC5B60084AC10 /* Release */ = {
			isa = XCBuildConfiguration;
			buildSettings = {
				CODE_SIGN_STYLE = Automatic;
				DEVELOPMENT_TEAM = 5EJ624S7SU;
				PRODUCT_NAME = "$(TARGET_NAME)";
			};
			name = Release;
		};
/* End XCBuildConfiguration section */

/* Begin XCConfigurationList section */
		8D11CB25202CC5B60084AC10 /* Build configuration list for PBXProject "Shayne_Gill_Homework_3" */ = {
			isa = XCConfigurationList;
			buildConfigurations = (
				8D11CB2F202CC5B60084AC10 /* Debug */,
				8D11CB30202CC5B60084AC10 /* Release */,
			);
			defaultConfigurationIsVisible = 0;
			defaultConfigurationName = Release;
		};
		8D11CB31202CC5B60084AC10 /* Build configuration list for PBXNativeTarget "Shayne_Gill_Homework_3" */ = {
			isa = XCConfigurationList;
			buildConfigurations = (
				8D11CB32202CC5B60084AC10 /* Debug */,
				8D11CB33202CC5B60084AC10 /* Release */,
			);
			defaultConfigurationIsVisible = 0;
			defaultConfigurationName = Release;
		};
/* End XCConfigurationList section */
	};
	rootObject = 8D11CB22202CC5B60084AC10 /* Project object */;
}
